
Microsoft Visual Studio Solution File, Format Version 12.00
# Visual Studio 14
VisualStudioVersion = 14.0.25420.1
MinimumVisualStudioVersion = 10.0.40219.1
Project("{FAE04EC0-301F-11D3-BF4B-00C04F79EFBC}") = "Quiz.API", "Quiz.API\Quiz.API.csproj", "{798B0585-A8AC-460B-AF44-5E1B738DE563}"
EndProject
Project("{FAE04EC0-301F-11D3-BF4B-00C04F79EFBC}") = "Quiz.Model", "Quiz.Model\Quiz.Model.csproj", "{0CC5990F-B412-487B-B73F-65A7DEB4AACE}"
EndProject
Global
	GlobalSection(SolutionConfigurationPlatforms) = preSolution
		Debug|Any CPU = Debug|Any CPU
		Release|Any CPU = Release|Any CPU
	EndGlobalSection
	GlobalSection(ProjectConfigurationPlatforms) = postSolution
		{798B0585-A8AC-460B-AF44-5E1B738DE563}.Debug|Any CPU.ActiveCfg = Debug|Any CPU
		{798B0585-A8AC-460B-AF44-5E1B738DE563}.Debug|Any CPU.Build.0 = Debug|Any CPU
		{798B0585-A8AC-460B-AF44-5E1B738DE563}.Release|Any CPU.ActiveCfg = Release|Any CPU
		{798B0585-A8AC-460B-AF44-5E1B738DE563}.Release|Any CPU.Build.0 = Release|Any CPU
		{0CC5990F-B412-487B-B73F-65A7DEB4AACE}.Debug|Any CPU.ActiveCfg = Debug|Any CPU
		{0CC5990F-B412-487B-B73F-65A7DEB4AACE}.Debug|Any CPU.Build.0 = Debug|Any CPU
		{0CC5990F-B412-487B-B73F-65A7DEB4AACE}.Release|Any CPU.ActiveCfg = Release|Any CPU
		{0CC5990F-B412-487B-B73F-65A7DEB4AACE}.Release|Any CPU.Build.0 = Release|Any CPU
	EndGlobalSection
	GlobalSection(SolutionProperties) = preSolution
		HideSolutionNode = FALSE
	EndGlobalSection
EndGlobal
